hash: 8c2a386d9dadf893749058fb5084e4353c9fb1e80498192761e55b24674fe0a6
updated: 2016-11-16T16:51:04.685417804+03:00
imports:
- name: github.com/google/flatbuffers
  version: c05803bf9683f3e8dff76bf85d6030ec00823564
  subpackages:
  - go
testImports:
- name: github.com/gopherjs/gopherjs
  version: e34a5cd6a1bc7c4fde759f2d3039852fc68b5fcc
  subpackages:
  - js
- name: github.com/jtolds/gls
  version: 8ddce2a84170772b95dd5d576c48d517b22cac63
- name: github.com/smartystreets/assertions
  version: e60cfa771e3f4d18723a4119f1833898c9c62066
  subpackages:
  - internal/go-render/render
  - internal/oglematchers
- name: github.com/smartystreets/goconvey
  version: d4c757aa9afd1e2fc1832aaab209b5794eb336e1
  subpackages:
  - convey
  - convey/gotest
  - convey/reporting
